
Microsoft Visual Studio Solution File, Format Version 12.00
# Visual Studio Version 16
VisualStudioVersion = 16.0.32228.343
MinimumVisualStudioVersion = 10.0.40219.1
Project("{FAE04EC0-301F-11D3-BF4B-00C04F79EFBC}") = "OnlineBanking", "OnlineBanking\OnlineBanking.csproj", "{048383CB-CBAF-4224-AF36-479245184A4B}"
EndProject
Project("{FAE04EC0-301F-11D3-BF4B-00C04F79EFBC}") = "OnlineBanking.Tests", "OnlineBanking.Tests\OnlineBanking.Tests.csproj", "{FA598762-EBA4-4DC0-B890-C788832BCCCC}"
EndProject
Project("{FAE04EC0-301F-11D3-BF4B-00C04F79EFBC}") = "OnlineBanking.Data", "OnlineBanking.Data\OnlineBanking.Data.csproj", "{4B2CE0CC-0FFC-468A-9482-905B23E9249A}"
EndProject
Global
	GlobalSection(SolutionConfigurationPlatforms) = preSolution
		Debug|Any CPU = Debug|Any CPU
		Release|Any CPU = Release|Any CPU
	EndGlobalSection
	GlobalSection(ProjectConfigurationPlatforms) = postSolution
		{048383CB-CBAF-4224-AF36-479245184A4B}.Debug|Any CPU.ActiveCfg = Debug|Any CPU
		{048383CB-CBAF-4224-AF36-479245184A4B}.Debug|Any CPU.Build.0 = Debug|Any CPU
		{048383CB-CBAF-4224-AF36-479245184A4B}.Release|Any CPU.ActiveCfg = Release|Any CPU
		{048383CB-CBAF-4224-AF36-479245184A4B}.Release|Any CPU.Build.0 = Release|Any CPU
		{FA598762-EBA4-4DC0-B890-C788832BCCCC}.Debug|Any CPU.ActiveCfg = Debug|Any CPU
		{FA598762-EBA4-4DC0-B890-C788832BCCCC}.Debug|Any CPU.Build.0 = Debug|Any CPU
		{FA598762-EBA4-4DC0-B890-C788832BCCCC}.Release|Any CPU.ActiveCfg = Release|Any CPU
		{FA598762-EBA4-4DC0-B890-C788832BCCCC}.Release|Any CPU.Build.0 = Release|Any CPU
		{4B2CE0CC-0FFC-468A-9482-905B23E9249A}.Debug|Any CPU.ActiveCfg = Debug|Any CPU
		{4B2CE0CC-0FFC-468A-9482-905B23E9249A}.Debug|Any CPU.Build.0 = Debug|Any CPU
		{4B2CE0CC-0FFC-468A-9482-905B23E9249A}.Release|Any CPU.ActiveCfg = Release|Any CPU
		{4B2CE0CC-0FFC-468A-9482-905B23E9249A}.Release|Any CPU.Build.0 = Release|Any CPU
	EndGlobalSection
	GlobalSection(SolutionProperties) = preSolution
		HideSolutionNode = FALSE
	EndGlobalSection
	GlobalSection(ExtensibilityGlobals) = postSolution
		SolutionGuid = {6B920586-6C9F-43F1-A251-6C9E91BADB97}
	EndGlobalSection
EndGlobal
